// !$*UTF8*$!
{
	archiveVersion = 1;
	classes = {
	};
	objectVersion = 50;
	objects = {

/* Begin PBXBuildFile section */
		0A12B6A193744A9241B81E83 /* Pods_TimerUITests.framework in Frameworks */ = {isa = PBXBuildFile; fileRef = 6C926A1B02EDE2D1577BC858 /* Pods_TimerUITests.framework */; };
		C556969D255BFD01005C1361 /* NSString+Extras.m in Sources */ = {isa = PBXBuildFile; fileRef = C5569697255BFD01005C1361 /* NSString+Extras.m */; };
		C556969E255BFD01005C1361 /* TimeModel.m in Sources */ = {isa = PBXBuildFile; fileRef = C5569698255BFD01005C1361 /* TimeModel.m */; };
		C556969F255BFD01005C1361 /* NSString+Time.m in Sources */ = {isa = PBXBuildFile; fileRef = C556969C255BFD01005C1361 /* NSString+Time.m */; };
		C56202D62553F8EB00FE435F /* UILabel+RichText.m in Sources */ = {isa = PBXBuildFile; fileRef = C56202D42553F8EB00FE435F /* UILabel+RichText.m */; };
		C572A2B724FDFF66000A1687 /* AppDelegate.m in Sources */ = {isa = PBXBuildFile; fileRef = C572A2B624FDFF66000A1687 /* AppDelegate.m */; };
		C572A2BA24FDFF66000A1687 /* SceneDelegate.m in Sources */ = {isa = PBXBuildFile; fileRef = C572A2B924FDFF66000A1687 /* SceneDelegate.m */; };
		C572A2BD24FDFF66000A1687 /* ViewController.m in Sources */ = {isa = PBXBuildFile; fileRef = C572A2BC24FDFF66000A1687 /* ViewController.m */; };
		C572A2C024FDFF66000A1687 /* Main.storyboard in Resources */ = {isa = PBXBuildFile; fileRef = C572A2BE24FDFF66000A1687 /* Main.storyboard */; };
		C572A2C324FDFF66000A1687 /* Timer.xcdatamodeld in Sources */ = {isa = PBXBuildFile; fileRef = C572A2C124FDFF66000A1687 /* Timer.xcdatamodeld */; };
		C572A2C524FDFF68000A1687 /* Assets.xcassets in Resources */ = {isa = PBXBuildFile; fileRef = C572A2C424FDFF68000A1687 /* Assets.xcassets */; };
		C572A2C824FDFF68000A1687 /* LaunchScreen.storyboard in Resources */ = {isa = PBXBuildFile; fileRef = C572A2C624FDFF68000A1687 /* LaunchScreen.storyboard */; };
		C572A2CB24FDFF68000A1687 /* main.m in Sources */ = {isa = PBXBuildFile; fileRef = C572A2CA24FDFF68000A1687 /* main.m */; };
		C572A2D524FDFF69000A1687 /* TimerTests.m in Sources */ = {isa = PBXBuildFile; fileRef = C572A2D424FDFF69000A1687 /* TimerTests.m */; };
		C572A2E024FDFF69000A1687 /* TimerUITests.m in Sources */ = {isa = PBXBuildFile; fileRef = C572A2DF24FDFF69000A1687 /* TimerUITests.m */; };
		C572A2FF24FE1CFD000A1687 /* NSTimerManager.m in Sources */ = {isa = PBXBuildFile; fileRef = C572A2FE24FE1CFD000A1687 /* NSTimerManager.m */; };
		C572A30224FE1D14000A1687 /* GCD_TimerManager.m in Sources */ = {isa = PBXBuildFile; fileRef = C572A30124FE1D14000A1687 /* GCD_TimerManager.m */; };
		C572A30924FE1D53000A1687 /* Nanosecond_TimerManager.m in Sources */ = {isa = PBXBuildFile; fileRef = C572A30824FE1D53000A1687 /* Nanosecond_TimerManager.m */; };
		C572A30C24FE1D5D000A1687 /* CADisplayLink_TimerManager.m in Sources */ = {isa = PBXBuildFile; fileRef = C572A30B24FE1D5D000A1687 /* CADisplayLink_TimerManager.m */; };
		C5AEEAF8253841C9000E1C5F /* UIView+Extras.m in Sources */ = {isa = PBXBuildFile; fileRef = C5AEEAF5253841C9000E1C5F /* UIView+Extras.m */; };
		C5AEEAF9253841C9000E1C5F /* UIView+Animation.m in Sources */ = {isa = PBXBuildFile; fileRef = C5AEEAF7253841C9000E1C5F /* UIView+Animation.m */; };
		C5C67C4D24FE3978000A26B8 /* UIButton+CountDownBtn.m in Sources */ = {isa = PBXBuildFile; fileRef = C5C67C4C24FE3978000A26B8 /* UIButton+CountDownBtn.m */; };
		C5C67C6824FE5059000A26B8 /* UIView+Measure.m in Sources */ = {isa = PBXBuildFile; fileRef = C5C67C6724FE5059000A26B8 /* UIView+Measure.m */; };
		C5C67C6E24FF4A80000A26B8 /* MovieCountDown.m in Sources */ = {isa = PBXBuildFile; fileRef = C5C67C6D24FF4A80000A26B8 /* MovieCountDown.m */; };
		C5E5C6892509154A001E69DA /* 水平进度条.png in Resources */ = {isa = PBXBuildFile; fileRef = C5E5C6842509154A001E69DA /* 水平进度条.png */; };
		C5E5C68A2509154A001E69DA /* WGradientProgress.m in Sources */ = {isa = PBXBuildFile; fileRef = C5E5C6872509154A001E69DA /* WGradientProgress.m */; };
		C5E5C68B2509154A001E69DA /* WGradientProgressView.m in Sources */ = {isa = PBXBuildFile; fileRef = C5E5C6882509154A001E69DA /* WGradientProgressView.m */; };
		CD33AB0A067A6FE9AA09DFF2 /* Pods_Timer.framework in Frameworks */ = {isa = PBXBuildFile; fileRef = E9AF209B3CB78224724D4250 /* Pods_Timer.framework */; };
		FF684147520F90C4783DFE8B /* Pods_TimerTests.framework in Frameworks */ = {isa = PBXBuildFile; fileRef = E235AAB326B2235AD4C1C2A5 /* Pods_TimerTests.framework */; };
/* End PBXBuildFile section */

/* Begin PBXContainerItemProxy section */
		C572A2D124FDFF69000A1687 /* PBXContainerItemProxy */ = {
			isa = PBXContainerItemProxy;
			containerPortal = C572A2AA24FDFF66000A1687 /* Project object */;
			proxyType = 1;
			remoteGlobalIDString = C572A2B124FDFF66000A1687;
			remoteInfo = Timer;
		};
		C572A2DC24FDFF69000A1687 /* PBXContainerItemProxy */ = {
			isa = PBXContainerItemProxy;
			containerPortal = C572A2AA24FDFF66000A1687 /* Project object */;
			proxyType = 1;
			remoteGlobalIDString = C572A2B124FDFF66000A1687;
			remoteInfo = Timer;
		};
/* End PBXContainerItemProxy section */

/* Begin PBXFileReference section */
		0620BE652557EF53F1FCCF01 /* Pods-Timer.release.xcconfig */ = {isa = PBXFileReference; includeInIndex = 1; lastKnownFileType = text.xcconfig; name = "Pods-Timer.release.xcconfig"; path = "Target Support Files/Pods-Timer/Pods-Timer.release.xcconfig"; sourceTree = "<group>"; };
		10F185F96E2901C1AFDB4ADE /* Pods-Timer-TimerUITests.release.xcconfig */ = {isa = PBXFileReference; includeInIndex = 1; lastKnownFileType = text.xcconfig; name = "Pods-Timer-TimerUITests.release.xcconfig"; path = "Target Support Files/Pods-Timer-TimerUITests/Pods-Timer-TimerUITests.release.xcconfig"; sourceTree = "<group>"; };
		6C926A1B02EDE2D1577BC858 /* Pods_TimerUITests.framework */ = {isa = PBXFileReference; explicitFileType = wrapper.framework; includeInIndex = 0; path = Pods_TimerUITests.framework; sourceTree = BUILT_PRODUCTS_DIR; };
		7E0B57A271C5E1FBCEB115C6 /* Pods-Timer-TimerUITests.debug.xcconfig */ = {isa = PBXFileReference; includeInIndex = 1; lastKnownFileType = text.xcconfig; name = "Pods-Timer-TimerUITests.debug.xcconfig"; path = "Target Support Files/Pods-Timer-TimerUITests/Pods-Timer-TimerUITests.debug.xcconfig"; sourceTree = "<group>"; };
		9325B00396AF782214E87AC8 /* Pods-TimerTests.debug.xcconfig */ = {isa = PBXFileReference; includeInIndex = 1; lastKnownFileType = text.xcconfig; name = "Pods-TimerTests.debug.xcconfig"; path = "Target Support Files/Pods-TimerTests/Pods-TimerTests.debug.xcconfig"; sourceTree = "<group>"; };
		ABB0F4CC67C7FE43D2A2180C /* Pods-TimerUITests.debug.xcconfig */ = {isa = PBXFileReference; includeInIndex = 1; lastKnownFileType = text.xcconfig; name = "Pods-TimerUITests.debug.xcconfig"; path = "Target Support Files/Pods-TimerUITests/Pods-TimerUITests.debug.xcconfig"; sourceTree = "<group>"; };
		C5569697255BFD01005C1361 /* NSString+Extras.m */ = {isa = PBXFileReference; fileEncoding = 4; lastKnownFileType = sourcecode.c.objc; path = "NSString+Extras.m"; sourceTree = "<group>"; };
		C5569698255BFD01005C1361 /* TimeModel.m */ = {isa = PBXFileReference; fileEncoding = 4; lastKnownFileType = sourcecode.c.objc; path = TimeModel.m; sourceTree = "<group>"; };
		C5569699255BFD01005C1361 /* NSString+Time.h */ = {isa = PBXFileReference; fileEncoding = 4; lastKnownFileType = sourcecode.c.h; path = "NSString+Time.h"; sourceTree = "<group>"; };
		C556969A255BFD01005C1361 /* TimeModel.h */ = {isa = PBXFileReference; fileEncoding = 4; lastKnownFileType = sourcecode.c.h; path = TimeModel.h; sourceTree = "<group>"; };
		C556969B255BFD01005C1361 /* NSString+Extras.h */ = {isa = PBXFileReference; fileEncoding = 4; lastKnownFileType = sourcecode.c.h; path = "NSString+Extras.h"; sourceTree = "<group>"; };
		C556969C255BFD01005C1361 /* NSString+Time.m */ = {isa = PBXFileReference; fileEncoding = 4; lastKnownFileType = sourcecode.c.objc; path = "NSString+Time.m"; sourceTree = "<group>"; };
		C56202D42553F8EB00FE435F /* UILabel+RichText.m */ = {isa = PBXFileReference; fileEncoding = 4; lastKnownFileType = sourcecode.c.objc; path = "UILabel+RichText.m"; sourceTree = "<group>"; };
		C56202D52553F8EB00FE435F /* UILabel+RichText.h */ = {isa = PBXFileReference; fileEncoding = 4; lastKnownFileType = sourcecode.c.h; path = "UILabel+RichText.h"; sourceTree = "<group>"; };
		C56208872553FFBF00FE435F /* 验证码按钮单例封装.md */ = {isa = PBXFileReference; lastKnownFileType = net.daringfireball.markdown; path = "验证码按钮单例封装.md"; sourceTree = "<group>"; };
		C572A2B224FDFF66000A1687 /* Timer.app */ = {isa = PBXFileReference; explicitFileType = wrapper.application; includeInIndex = 0; path = Timer.app; sourceTree = BUILT_PRODUCTS_DIR; };
		C572A2B524FDFF66000A1687 /* AppDelegate.h */ = {isa = PBXFileReference; lastKnownFileType = sourcecode.c.h; path = AppDelegate.h; sourceTree = "<group>"; };
		C572A2B624FDFF66000A1687 /* AppDelegate.m */ = {isa = PBXFileReference; lastKnownFileType = sourcecode.c.objc; path = AppDelegate.m; sourceTree = "<group>"; };
		C572A2B824FDFF66000A1687 /* SceneDelegate.h */ = {isa = PBXFileReference; lastKnownFileType = sourcecode.c.h; path = SceneDelegate.h; sourceTree = "<group>"; };
		C572A2B924FDFF66000A1687 /* SceneDelegate.m */ = {isa = PBXFileReference; lastKnownFileType = sourcecode.c.objc; path = SceneDelegate.m; sourceTree = "<group>"; };
		C572A2BB24FDFF66000A1687 /* ViewController.h */ = {isa = PBXFileReference; lastKnownFileType = sourcecode.c.h; path = ViewController.h; sourceTree = "<group>"; };
		C572A2BC24FDFF66000A1687 /* ViewController.m */ = {isa = PBXFileReference; lastKnownFileType = sourcecode.c.objc; path = ViewController.m; sourceTree = "<group>"; };
		C572A2BF24FDFF66000A1687 /* Base */ = {isa = PBXFileReference; lastKnownFileType = file.storyboard; name = Base; path = Base.lproj/Main.storyboard; sourceTree = "<group>"; };
		C572A2C224FDFF66000A1687 /* Timer.xcdatamodel */ = {isa = PBXFileReference; lastKnownFileType = wrapper.xcdatamodel; path = Timer.xcdatamodel; sourceTree = "<group>"; };
		C572A2C424FDFF68000A1687 /* Assets.xcassets */ = {isa = PBXFileReference; lastKnownFileType = folder.assetcatalog; path = Assets.xcassets; sourceTree = "<group>"; };
		C572A2C724FDFF68000A1687 /* Base */ = {isa = PBXFileReference; lastKnownFileType = file.storyboard; name = Base; path = Base.lproj/LaunchScreen.storyboard; sourceTree = "<group>"; };
		C572A2C924FDFF68000A1687 /* Info.plist */ = {isa = PBXFileReference; lastKnownFileType = text.plist.xml; path = Info.plist; sourceTree = "<group>"; };
		C572A2CA24FDFF68000A1687 /* main.m */ = {isa = PBXFileReference; lastKnownFileType = sourcecode.c.objc; path = main.m; sourceTree = "<group>"; };
		C572A2D024FDFF69000A1687 /* TimerTests.xctest */ = {isa = PBXFileReference; explicitFileType = wrapper.cfbundle; includeInIndex = 0; path = TimerTests.xctest; sourceTree = BUILT_PRODUCTS_DIR; };
		C572A2D424FDFF69000A1687 /* TimerTests.m */ = {isa = PBXFileReference; lastKnownFileType = sourcecode.c.objc; path = TimerTests.m; sourceTree = "<group>"; };
		C572A2D624FDFF69000A1687 /* Info.plist */ = {isa = PBXFileReference; lastKnownFileType = text.plist.xml; path = Info.plist; sourceTree = "<group>"; };
		C572A2DB24FDFF69000A1687 /* TimerUITests.xctest */ = {isa = PBXFileReference; explicitFileType = wrapper.cfbundle; includeInIndex = 0; path = TimerUITests.xctest; sourceTree = BUILT_PRODUCTS_DIR; };
		C572A2DF24FDFF69000A1687 /* TimerUITests.m */ = {isa = PBXFileReference; lastKnownFileType = sourcecode.c.objc; path = TimerUITests.m; sourceTree = "<group>"; };
		C572A2E124FDFF69000A1687 /* Info.plist */ = {isa = PBXFileReference; lastKnownFileType = text.plist.xml; path = Info.plist; sourceTree = "<group>"; };
		C572A2ED24FDFFFC000A1687 /* AABlock.h */ = {isa = PBXFileReference; fileEncoding = 4; lastKnownFileType = sourcecode.c.h; path = AABlock.h; sourceTree = "<group>"; };
		C572A2F324FE00EC000A1687 /* PrefixHeader.pch */ = {isa = PBXFileReference; fileEncoding = 4; lastKnownFileType = sourcecode.c.h; path = PrefixHeader.pch; sourceTree = "<group>"; };
		C572A2F424FE00EC000A1687 /* Manual_Add_ThirdParty.h */ = {isa = PBXFileReference; fileEncoding = 4; lastKnownFileType = sourcecode.c.h; path = Manual_Add_ThirdParty.h; sourceTree = "<group>"; };
		C572A2F524FE00EC000A1687 /* Pods.h */ = {isa = PBXFileReference; fileEncoding = 4; lastKnownFileType = sourcecode.c.h; path = Pods.h; sourceTree = "<group>"; };
		C572A2F624FE00EC000A1687 /* DefineStructure.h */ = {isa = PBXFileReference; fileEncoding = 4; lastKnownFileType = sourcecode.c.h; path = DefineStructure.h; sourceTree = "<group>"; };
		C572A2F824FE0261000A1687 /* Other.h */ = {isa = PBXFileReference; fileEncoding = 4; lastKnownFileType = sourcecode.c.h; path = Other.h; sourceTree = "<group>"; };
		C572A2FA24FE0473000A1687 /* TimerManager.h */ = {isa = PBXFileReference; lastKnownFileType = sourcecode.c.h; path = TimerManager.h; sourceTree = "<group>"; };
		C572A2FD24FE1CFD000A1687 /* NSTimerManager.h */ = {isa = PBXFileReference; lastKnownFileType = sourcecode.c.h; path = NSTimerManager.h; sourceTree = "<group>"; };
		C572A2FE24FE1CFD000A1687 /* NSTimerManager.m */ = {isa = PBXFileReference; lastKnownFileType = sourcecode.c.objc; path = NSTimerManager.m; sourceTree = "<group>"; };
		C572A30024FE1D14000A1687 /* GCD_TimerManager.h */ = {isa = PBXFileReference; lastKnownFileType = sourcecode.c.h; path = GCD_TimerManager.h; sourceTree = "<group>"; };
		C572A30124FE1D14000A1687 /* GCD_TimerManager.m */ = {isa = PBXFileReference; lastKnownFileType = sourcecode.c.objc; path = GCD_TimerManager.m; sourceTree = "<group>"; };
		C572A30724FE1D53000A1687 /* Nanosecond_TimerManager.h */ = {isa = PBXFileReference; lastKnownFileType = sourcecode.c.h; path = Nanosecond_TimerManager.h; sourceTree = "<group>"; };
		C572A30824FE1D53000A1687 /* Nanosecond_TimerManager.m */ = {isa = PBXFileReference; lastKnownFileType = sourcecode.c.objc; path = Nanosecond_TimerManager.m; sourceTree = "<group>"; };
		C572A30A24FE1D5D000A1687 /* CADisplayLink_TimerManager.h */ = {isa = PBXFileReference; lastKnownFileType = sourcecode.c.h; path = CADisplayLink_TimerManager.h; sourceTree = "<group>"; };
		C572A30B24FE1D5D000A1687 /* CADisplayLink_TimerManager.m */ = {isa = PBXFileReference; lastKnownFileType = sourcecode.c.objc; path = CADisplayLink_TimerManager.m; sourceTree = "<group>"; };
		C5AEEAF4253841C9000E1C5F /* UIView+Animation.h */ = {isa = PBXFileReference; fileEncoding = 4; lastKnownFileType = sourcecode.c.h; path = "UIView+Animation.h"; sourceTree = "<group>"; };
		C5AEEAF5253841C9000E1C5F /* UIView+Extras.m */ = {isa = PBXFileReference; fileEncoding = 4; lastKnownFileType = sourcecode.c.objc; path = "UIView+Extras.m"; sourceTree = "<group>"; };
		C5AEEAF6253841C9000E1C5F /* UIView+Extras.h */ = {isa = PBXFileReference; fileEncoding = 4; lastKnownFileType = sourcecode.c.h; path = "UIView+Extras.h"; sourceTree = "<group>"; };
		C5AEEAF7253841C9000E1C5F /* UIView+Animation.m */ = {isa = PBXFileReference; fileEncoding = 4; lastKnownFileType = sourcecode.c.objc; path = "UIView+Animation.m"; sourceTree = "<group>"; };
		C5C4FD09255A5E18002F407A /* README.md */ = {isa = PBXFileReference; lastKnownFileType = net.daringfireball.markdown; path = README.md; sourceTree = "<group>"; };
		C5C67C4B24FE3978000A26B8 /* UIButton+CountDownBtn.h */ = {isa = PBXFileReference; lastKnownFileType = sourcecode.c.h; path = "UIButton+CountDownBtn.h"; sourceTree = "<group>"; };
		C5C67C4C24FE3978000A26B8 /* UIButton+CountDownBtn.m */ = {isa = PBXFileReference; lastKnownFileType = sourcecode.c.objc; path = "UIButton+CountDownBtn.m"; sourceTree = "<group>"; };
		C5C67C6624FE5059000A26B8 /* UIView+Measure.h */ = {isa = PBXFileReference; fileEncoding = 4; lastKnownFileType = sourcecode.c.h; path = "UIView+Measure.h"; sourceTree = "<group>"; };
		C5C67C6724FE5059000A26B8 /* UIView+Measure.m */ = {isa = PBXFileReference; fileEncoding = 4; lastKnownFileType = sourcecode.c.objc; path = "UIView+Measure.m"; sourceTree = "<group>"; };
		C5C67C6924FE7671000A26B8 /* TimerManager_DefineStructure.h */ = {isa = PBXFileReference; lastKnownFileType = sourcecode.c.h; path = TimerManager_DefineStructure.h; sourceTree = "<group>"; };
		C5C67C6C24FF4A80000A26B8 /* MovieCountDown.h */ = {isa = PBXFileReference; lastKnownFileType = sourcecode.c.h; path = MovieCountDown.h; sourceTree = "<group>"; };
		C5C67C6D24FF4A80000A26B8 /* MovieCountDown.m */ = {isa = PBXFileReference; lastKnownFileType = sourcecode.c.objc; path = MovieCountDown.m; sourceTree = "<group>"; };
		C5E5C6842509154A001E69DA /* 水平进度条.png */ = {isa = PBXFileReference; lastKnownFileType = image.png; path = "水平进度条.png"; sourceTree = "<group>"; };
		C5E5C6852509154A001E69DA /* WGradientProgressView.h */ = {isa = PBXFileReference; fileEncoding = 4; lastKnownFileType = sourcecode.c.h; path = WGradientProgressView.h; sourceTree = "<group>"; };
		C5E5C6862509154A001E69DA /* WGradientProgress.h */ = {isa = PBXFileReference; fileEncoding = 4; lastKnownFileType = sourcecode.c.h; path = WGradientProgress.h; sourceTree = "<group>"; };
		C5E5C6872509154A001E69DA /* WGradientProgress.m */ = {isa = PBXFileReference; fileEncoding = 4; lastKnownFileType = sourcecode.c.objc; path = WGradientProgress.m; sourceTree = "<group>"; };
		C5E5C6882509154A001E69DA /* WGradientProgressView.m */ = {isa = PBXFileReference; fileEncoding = 4; lastKnownFileType = sourcecode.c.objc; path = WGradientProgressView.m; sourceTree = "<group>"; };
		D7E9E56A550482EC07A7ACD6 /* Pods-TimerTests.release.xcconfig */ = {isa = PBXFileReference; includeInIndex = 1; lastKnownFileType = text.xcconfig; name = "Pods-TimerTests.release.xcconfig"; path = "Target Support Files/Pods-TimerTests/Pods-TimerTests.release.xcconfig"; sourceTree = "<group>"; };
		DABD4B5D560B723ED7EA3A76 /* Pods-TimerUITests.release.xcconfig */ = {isa = PBXFileReference; includeInIndex = 1; lastKnownFileType = text.xcconfig; name = "Pods-TimerUITests.release.xcconfig"; path = "Target Support Files/Pods-TimerUITests/Pods-TimerUITests.release.xcconfig"; sourceTree = "<group>"; };
		E235AAB326B2235AD4C1C2A5 /* Pods_TimerTests.framework */ = {isa = PBXFileReference; explicitFileType = wrapper.framework; includeInIndex = 0; path = Pods_TimerTests.framework; sourceTree = BUILT_PRODUCTS_DIR; };
		E9AF209B3CB78224724D4250 /* Pods_Timer.framework */ = {isa = PBXFileReference; explicitFileType = wrapper.framework; includeInIndex = 0; path = Pods_Timer.framework; sourceTree = BUILT_PRODUCTS_DIR; };
		F49195595CCF84A3C202E583 /* Pods-Timer.debug.xcconfig */ = {isa = PBXFileReference; includeInIndex = 1; lastKnownFileType = text.xcconfig; name = "Pods-Timer.debug.xcconfig"; path = "Target Support Files/Pods-Timer/Pods-Timer.debug.xcconfig"; sourceTree = "<group>"; };
/* End PBXFileReference section */

/* Begin PBXFrameworksBuildPhase section */
		C572A2AF24FDFF66000A1687 /* Frameworks */ = {
			isa = PBXFrameworksBuildPhase;
			buildActionMask = 2147483647;
			files = (
				CD33AB0A067A6FE9AA09DFF2 /* Pods_Timer.framework in Frameworks */,
			);
			runOnlyForDeploymentPostprocessing = 0;
		};
		C572A2CD24FDFF69000A1687 /* Frameworks */ = {
			isa = PBXFrameworksBuildPhase;
			buildActionMask = 2147483647;
			files = (
				FF684147520F90C4783DFE8B /* Pods_TimerTests.framework in Frameworks */,
			);
			runOnlyForDeploymentPostprocessing = 0;
		};
		C572A2D824FDFF69000A1687 /* Frameworks */ = {
			isa = PBXFrameworksBuildPhase;
			buildActionMask = 2147483647;
			files = (
				0A12B6A193744A9241B81E83 /* Pods_TimerUITests.framework in Frameworks */,
			);
			runOnlyForDeploymentPostprocessing = 0;
		};
/* End PBXFrameworksBuildPhase section */

/* Begin PBXGroup section */
		73FB7F8AD727623476D33BBB /* Pods */ = {
			isa = PBXGroup;
			children = (
				F49195595CCF84A3C202E583 /* Pods-Timer.debug.xcconfig */,
				0620BE652557EF53F1FCCF01 /* Pods-Timer.release.xcconfig */,
				7E0B57A271C5E1FBCEB115C6 /* Pods-Timer-TimerUITests.debug.xcconfig */,
				10F185F96E2901C1AFDB4ADE /* Pods-Timer-TimerUITests.release.xcconfig */,
				9325B00396AF782214E87AC8 /* Pods-TimerTests.debug.xcconfig */,
				D7E9E56A550482EC07A7ACD6 /* Pods-TimerTests.release.xcconfig */,
				ABB0F4CC67C7FE43D2A2180C /* Pods-TimerUITests.debug.xcconfig */,
				DABD4B5D560B723ED7EA3A76 /* Pods-TimerUITests.release.xcconfig */,
			);
			path = Pods;
			sourceTree = "<group>";
		};
		BD8EDAA26D29B92C26A1A543 /* Frameworks */ = {
			isa = PBXGroup;
			children = (
				E9AF209B3CB78224724D4250 /* Pods_Timer.framework */,
				E235AAB326B2235AD4C1C2A5 /* Pods_TimerTests.framework */,
				6C926A1B02EDE2D1577BC858 /* Pods_TimerUITests.framework */,
			);
			name = Frameworks;
			sourceTree = "<group>";
		};
		C5569696255BFD01005C1361 /* NSString */ = {
			isa = PBXGroup;
			children = (
				C5569697255BFD01005C1361 /* NSString+Extras.m */,
				C5569698255BFD01005C1361 /* TimeModel.m */,
				C5569699255BFD01005C1361 /* NSString+Time.h */,
				C556969A255BFD01005C1361 /* TimeModel.h */,
				C556969B255BFD01005C1361 /* NSString+Extras.h */,
				C556969C255BFD01005C1361 /* NSString+Time.m */,
			);
			path = NSString;
			sourceTree = "<group>";
		};
		C55696A3255BFD05005C1361 /* UIView */ = {
			isa = PBXGroup;
			children = (
				C5AEEAF4253841C9000E1C5F /* UIView+Animation.h */,
				C5AEEAF7253841C9000E1C5F /* UIView+Animation.m */,
				C5AEEAF6253841C9000E1C5F /* UIView+Extras.h */,
				C5AEEAF5253841C9000E1C5F /* UIView+Extras.m */,
				C5C67C6624FE5059000A26B8 /* UIView+Measure.h */,
				C5C67C6724FE5059000A26B8 /* UIView+Measure.m */,
			);
			path = UIView;
			sourceTree = "<group>";
		};
		C55696A4255BFD10005C1361 /* UILabel */ = {
			isa = PBXGroup;
			children = (
				C56202D52553F8EB00FE435F /* UILabel+RichText.h */,
				C56202D42553F8EB00FE435F /* UILabel+RichText.m */,
			);
			path = UILabel;
			sourceTree = "<group>";
		};
		C572791625409991002373D7 /* AppDelegate */ = {
			isa = PBXGroup;
			children = (
				C572A2B524FDFF66000A1687 /* AppDelegate.h */,
				C572A2B624FDFF66000A1687 /* AppDelegate.m */,
			);
			path = AppDelegate;
			sourceTree = "<group>";
		};
		C57279172540999A002373D7 /* SceneDelegate */ = {
			isa = PBXGroup;
			children = (
				C572A2B824FDFF66000A1687 /* SceneDelegate.h */,
				C572A2B924FDFF66000A1687 /* SceneDelegate.m */,
			);
			path = SceneDelegate;
			sourceTree = "<group>";
		};
		C572A2A924FDFF66000A1687 = {
			isa = PBXGroup;
			children = (
				C5C4FD09255A5E18002F407A /* README.md */,
				C572A2B424FDFF66000A1687 /* Timer */,
				C572A2D324FDFF69000A1687 /* TimerTests */,
				C572A2DE24FDFF69000A1687 /* TimerUITests */,
				73FB7F8AD727623476D33BBB /* Pods */,
				BD8EDAA26D29B92C26A1A543 /* Frameworks */,
			);
			sourceTree = "<group>";
		};
		C572A2B324FDFF66000A1687 /* Products */ = {
			isa = PBXGroup;
			children = (
				C572A2B224FDFF66000A1687 /* Timer.app */,
				C572A2D024FDFF69000A1687 /* TimerTests.xctest */,
				C572A2DB24FDFF69000A1687 /* TimerUITests.xctest */,
			);
			name = Products;
			path = ../..;
			sourceTree = "<group>";
		};
		C572A2B424FDFF66000A1687 /* Timer */ = {
			isa = PBXGroup;
			children = (
				C572A2F724FE00F7000A1687 /* 🌹Macro */,
				C572A2F024FE003C000A1687 /* AppDelegate & SceneDelegate */,
				C572A2F224FE0078000A1687 /* Manual_Add_ThirdParty  */,
				C572A2F124FE006B000A1687 /* 业务 */,
				C572A2EF24FE000B000A1687 /* Others */,
				C572A2C924FDFF68000A1687 /* Info.plist */,
			);
			path = Timer;
			sourceTree = "<group>";
		};
		C572A2D324FDFF69000A1687 /* TimerTests */ = {
			isa = PBXGroup;
			children = (
				C572A2D424FDFF69000A1687 /* TimerTests.m */,
				C572A2D624FDFF69000A1687 /* Info.plist */,
			);
			path = TimerTests;
			sourceTree = "<group>";
		};
		C572A2DE24FDFF69000A1687 /* TimerUITests */ = {
			isa = PBXGroup;
			children = (
				C572A2DF24FDFF69000A1687 /* TimerUITests.m */,
				C572A2E124FDFF69000A1687 /* Info.plist */,
			);
			path = TimerUITests;
			sourceTree = "<group>";
		};
		C572A2EF24FE000B000A1687 /* Others */ = {
			isa = PBXGroup;
			children = (
				C572A2BE24FDFF66000A1687 /* Main.storyboard */,
				C572A2C424FDFF68000A1687 /* Assets.xcassets */,
				C572A2C624FDFF68000A1687 /* LaunchScreen.storyboard */,
				C572A2CA24FDFF68000A1687 /* main.m */,
				C572A2C124FDFF66000A1687 /* Timer.xcdatamodeld */,
				C572A2B324FDFF66000A1687 /* Products */,
			);
			path = Others;
			sourceTree = "<group>";
		};
		C572A2F024FE003C000A1687 /* AppDelegate & SceneDelegate */ = {
			isa = PBXGroup;
			children = (
				C572791625409991002373D7 /* AppDelegate */,
				C57279172540999A002373D7 /* SceneDelegate */,
			);
			path = "AppDelegate & SceneDelegate";
			sourceTree = "<group>";
		};
		C572A2F124FE006B000A1687 /* 业务 */ = {
			isa = PBXGroup;
			children = (
				C5E5C65C25088EED001E69DA /* 水平进度条 */,
				C5C67C6B24FF4A32000A26B8 /* 电影倒计时特效 */,
				C5C67C4A24FE3951000A26B8 /* 验证码按钮 */,
				C572A2BB24FDFF66000A1687 /* ViewController.h */,
				C572A2BC24FDFF66000A1687 /* ViewController.m */,
			);
			path = "业务";
			sourceTree = "<group>";
		};
		C572A2F224FE0078000A1687 /* Manual_Add_ThirdParty  */ = {
			isa = PBXGroup;
			children = (
				C55696A4255BFD10005C1361 /* UILabel */,
				C55696A3255BFD05005C1361 /* UIView */,
				C5569696255BFD01005C1361 /* NSString */,
				C572A2F924FE043E000A1687 /* TimerManager */,
			);
			path = "Manual_Add_ThirdParty ";
			sourceTree = "<group>";
		};
		C572A2F724FE00F7000A1687 /* 🌹Macro */ = {
			isa = PBXGroup;
			children = (
				C572A2F324FE00EC000A1687 /* PrefixHeader.pch */,
				C572A2F624FE00EC000A1687 /* DefineStructure.h */,
				C572A2F424FE00EC000A1687 /* Manual_Add_ThirdParty.h */,
				C572A2F524FE00EC000A1687 /* Pods.h */,
				C572A2ED24FDFFFC000A1687 /* AABlock.h */,
				C572A2F824FE0261000A1687 /* Other.h */,
			);
			path = "🌹Macro";
			sourceTree = "<group>";
		};
		C572A2F924FE043E000A1687 /* TimerManager */ = {
			isa = PBXGroup;
			children = (
				C572A2FA24FE0473000A1687 /* TimerManager.h */,
				C5C67C6924FE7671000A26B8 /* TimerManager_DefineStructure.h */,
				C572A30324FE1D1A000A1687 /* NSTimerManager */,
				C572A30524FE1D31000A1687 /* CADisplayLink_TimerManager */,
				C572A30424FE1D22000A1687 /* GCD_TimerManager(未完) */,
				C572A30624FE1D45000A1687 /* Nanosecond_TimerManager */,
			);
			path = TimerManager;
			sourceTree = "<group>";
		};
		C572A30324FE1D1A000A1687 /* NSTimerManager */ = {
			isa = PBXGroup;
			children = (
				C572A2FD24FE1CFD000A1687 /* NSTimerManager.h */,
				C572A2FE24FE1CFD000A1687 /* NSTimerManager.m */,
			);
			path = NSTimerManager;
			sourceTree = "<group>";
		};
		C572A30424FE1D22000A1687 /* GCD_TimerManager(未完) */ = {
			isa = PBXGroup;
			children = (
				C572A30024FE1D14000A1687 /* GCD_TimerManager.h */,
				C572A30124FE1D14000A1687 /* GCD_TimerManager.m */,
			);
			path = "GCD_TimerManager(未完)";
			sourceTree = "<group>";
		};
		C572A30524FE1D31000A1687 /* CADisplayLink_TimerManager */ = {
			isa = PBXGroup;
			children = (
				C572A30A24FE1D5D000A1687 /* CADisplayLink_TimerManager.h */,
				C572A30B24FE1D5D000A1687 /* CADisplayLink_TimerManager.m */,
			);
			path = CADisplayLink_TimerManager;
			sourceTree = "<group>";
		};
		C572A30624FE1D45000A1687 /* Nanosecond_TimerManager */ = {
			isa = PBXGroup;
			children = (
				C572A30724FE1D53000A1687 /* Nanosecond_TimerManager.h */,
				C572A30824FE1D53000A1687 /* Nanosecond_TimerManager.m */,
			);
			path = Nanosecond_TimerManager;
			sourceTree = "<group>";
		};
		C5C67C4A24FE3951000A26B8 /* 验证码按钮 */ = {
			isa = PBXGroup;
			children = (
				C56208872553FFBF00FE435F /* 验证码按钮单例封装.md */,
				C5C67C4B24FE3978000A26B8 /* UIButton+CountDownBtn.h */,
				C5C67C4C24FE3978000A26B8 /* UIButton+CountDownBtn.m */,
			);
			path = "验证码按钮";
			sourceTree = "<group>";
		};
		C5C67C6B24FF4A32000A26B8 /* 电影倒计时特效 */ = {
			isa = PBXGroup;
			children = (
				C5C67C6C24FF4A80000A26B8 /* MovieCountDown.h */,
				C5C67C6D24FF4A80000A26B8 /* MovieCountDown.m */,
			);
			path = "电影倒计时特效";
			sourceTree = "<group>";
		};
		C5E5C65C25088EED001E69DA /* 水平进度条 */ = {
			isa = PBXGroup;
			children = (
				C5E5C6842509154A001E69DA /* 水平进度条.png */,
				C5E5C6862509154A001E69DA /* WGradientProgress.h */,
				C5E5C6872509154A001E69DA /* WGradientProgress.m */,
				C5E5C6852509154A001E69DA /* WGradientProgressView.h */,
				C5E5C6882509154A001E69DA /* WGradientProgressView.m */,
			);
			path = "水平进度条";
			sourceTree = "<group>";
		};
/* End PBXGroup section */

/* Begin PBXNativeTarget section */
		C572A2B124FDFF66000A1687 /* Timer */ = {
			isa = PBXNativeTarget;
			buildConfigurationList = C572A2E424FDFF69000A1687 /* Build configuration list for PBXNativeTarget "Timer" */;
			buildPhases = (
				5F5C6B1D332F9144B0C76E1F /* [CP] Check Pods Manifest.lock */,
				C572A2AE24FDFF66000A1687 /* Sources */,
				C572A2AF24FDFF66000A1687 /* Frameworks */,
				C572A2B024FDFF66000A1687 /* Resources */,
				F1DF0FEDB32AD5658E4FA29C /* [CP] Embed Pods Frameworks */,
			);
			buildRules = (
			);
			dependencies = (
			);
			name = Timer;
			productName = Timer;
			productReference = C572A2B224FDFF66000A1687 /* Timer.app */;
			productType = "com.apple.product-type.application";
		};
		C572A2CF24FDFF69000A1687 /* TimerTests */ = {
			isa = PBXNativeTarget;
			buildConfigurationList = C572A2E724FDFF69000A1687 /* Build configuration list for PBXNativeTarget "TimerTests" */;
			buildPhases = (
				FB6C0AB01B544F9BDEB6A641 /* [CP] Check Pods Manifest.lock */,
				C572A2CC24FDFF69000A1687 /* Sources */,
				C572A2CD24FDFF69000A1687 /* Frameworks */,
				C572A2CE24FDFF69000A1687 /* Resources */,
			);
			buildRules = (
			);
			dependencies = (
				C572A2D224FDFF69000A1687 /* PBXTargetDependency */,
			);
			name = TimerTests;
			productName = TimerTests;
			productReference = C572A2D024FDFF69000A1687 /* TimerTests.xctest */;
			productType = "com.apple.product-type.bundle.unit-test";
		};
		C572A2DA24FDFF69000A1687 /* TimerUITests */ = {
			isa = PBXNativeTarget;
			buildConfigurationList = C572A2EA24FDFF69000A1687 /* Build configuration list for PBXNativeTarget "TimerUITests" */;
			buildPhases = (
				724C3F64F3AF2E2E2F7570C8 /* [CP] Check Pods Manifest.lock */,
				C572A2D724FDFF69000A1687 /* Sources */,
				C572A2D824FDFF69000A1687 /* Frameworks */,
				C572A2D924FDFF69000A1687 /* Resources */,
			);
			buildRules = (
			);
			dependencies = (
				C572A2DD24FDFF69000A1687 /* PBXTargetDependency */,
			);
			name = TimerUITests;
			productName = TimerUITests;
			productReference = C572A2DB24FDFF69000A1687 /* TimerUITests.xctest */;
			productType = "com.apple.product-type.bundle.ui-testing";
		};
/* End PBXNativeTarget section */

/* Begin PBXProject section */
		C572A2AA24FDFF66000A1687 /* Project object */ = {
			isa = PBXProject;
			attributes = {
				CLASSPREFIX = Timer;
				LastUpgradeCheck = 1160;
				ORGANIZATIONNAME = Jobs;
				TargetAttributes = {
					C572A2B124FDFF66000A1687 = {
						CreatedOnToolsVersion = 11.6;
					};
					C572A2CF24FDFF69000A1687 = {
						CreatedOnToolsVersion = 11.6;
						TestTargetID = C572A2B124FDFF66000A1687;
					};
					C572A2DA24FDFF69000A1687 = {
						CreatedOnToolsVersion = 11.6;
						TestTargetID = C572A2B124FDFF66000A1687;
					};
				};
			};
			buildConfigurationList = C572A2AD24FDFF66000A1687 /* Build configuration list for PBXProject "Timer" */;
			compatibilityVersion = "Xcode 9.3";
			developmentRegion = en;
			hasScannedForEncodings = 0;
			knownRegions = (
				en,
				Base,
			);
			mainGroup = C572A2A924FDFF66000A1687;
			productRefGroup = C572A2B324FDFF66000A1687 /* Products */;
			projectDirPath = "";
			projectRoot = "";
			targets = (
				C572A2B124FDFF66000A1687 /* Timer */,
				C572A2CF24FDFF69000A1687 /* TimerTests */,
				C572A2DA24FDFF69000A1687 /* TimerUITests */,
			);
		};
/* End PBXProject section */

/* Begin PBXResourcesBuildPhase section */
		C572A2B024FDFF66000A1687 /* Resources */ = {
			isa = PBXResourcesBuildPhase;
			buildActionMask = 2147483647;
			files = (
				C572A2C824FDFF68000A1687 /* LaunchScreen.storyboard in Resources */,
				C5E5C6892509154A001E69DA /* 水平进度条.png in Resources */,
				C572A2C524FDFF68000A1687 /* Assets.xcassets in Resources */,
				C572A2C024FDFF66000A1687 /* Main.storyboard in Resources */,
			);
			runOnlyForDeploymentPostprocessing = 0;
		};
		C572A2CE24FDFF69000A1687 /* Resources */ = {
			isa = PBXResourcesBuildPhase;
			buildActionMask = 2147483647;
			files = (
			);
			runOnlyForDeploymentPostprocessing = 0;
		};
		C572A2D924FDFF69000A1687 /* Resources */ = {
			isa = PBXResourcesBuildPhase;
			buildActionMask = 2147483647;
			files = (
			);
			runOnlyForDeploymentPostprocessing = 0;
		};
/* End PBXResourcesBuildPhase section */

/* Begin PBXShellScriptBuildPhase section */
		5F5C6B1D332F9144B0C76E1F /* [CP] Check Pods Manifest.lock */ = {
			isa = PBXShellScriptBuildPhase;
			buildActionMask = 2147483647;
			files = (
			);
			inputFileListPaths = (
			);
			inputPaths = (
				"${PODS_PODFILE_DIR_PATH}/Podfile.lock",
				"${PODS_ROOT}/Manifest.lock",
			);
			name = "[CP] Check Pods Manifest.lock";
			outputFileListPaths = (
			);
			outputPaths = (
				"$(DERIVED_FILE_DIR)/Pods-Timer-checkManifestLockResult.txt",
			);
			runOnlyForDeploymentPostprocessing = 0;
			shellPath = /bin/sh;
			shellScript = "diff \"${PODS_PODFILE_DIR_PATH}/Podfile.lock\" \"${PODS_ROOT}/Manifest.lock\" > /dev/null\nif [ $? != 0 ] ; then\n    # print error to STDERR\n    echo \"error: The sandbox is not in sync with the Podfile.lock. Run 'pod install' or update your CocoaPods installation.\" >&2\n    exit 1\nfi\n# This output is used by Xcode 'outputs' to avoid re-running this script phase.\necho \"SUCCESS\" > \"${SCRIPT_OUTPUT_FILE_0}\"\n";
			showEnvVarsInLog = 0;
		};
		724C3F64F3AF2E2E2F7570C8 /* [CP] Check Pods Manifest.lock */ = {
			isa = PBXShellScriptBuildPhase;
			buildActionMask = 2147483647;
			files = (
			);
			inputFileListPaths = (
			);
			inputPaths = (
				"${PODS_PODFILE_DIR_PATH}/Podfile.lock",
				"${PODS_ROOT}/Manifest.lock",
			);
			name = "[CP] Check Pods Manifest.lock";
			outputFileListPaths = (
			);
			outputPaths = (
				"$(DERIVED_FILE_DIR)/Pods-TimerUITests-checkManifestLockResult.txt",
			);
			runOnlyForDeploymentPostprocessing = 0;
			shellPath = /bin/sh;
			shellScript = "diff \"${PODS_PODFILE_DIR_PATH}/Podfile.lock\" \"${PODS_ROOT}/Manifest.lock\" > /dev/null\nif [ $? != 0 ] ; then\n    # print error to STDERR\n    echo \"error: The sandbox is not in sync with the Podfile.lock. Run 'pod install' or update your CocoaPods installation.\" >&2\n    exit 1\nfi\n# This output is used by Xcode 'outputs' to avoid re-running this script phase.\necho \"SUCCESS\" > \"${SCRIPT_OUTPUT_FILE_0}\"\n";
			showEnvVarsInLog = 0;
		};
		F1DF0FEDB32AD5658E4FA29C /* [CP] Embed Pods Frameworks */ = {
			isa = PBXShellScriptBuildPhase;
			buildActionMask = 2147483647;
			files = (
			);
			inputFileListPaths = (
			);
			name = "[CP] Embed Pods Frameworks";
			outputFileListPaths = (
			);
			runOnlyForDeploymentPostprocessing = 0;
			shellPath = /bin/sh;
			shellScript = "\"${PODS_ROOT}/Target Support Files/Pods-Timer/Pods-Timer-frameworks.sh\"\n";
			showEnvVarsInLog = 0;
		};
		FB6C0AB01B544F9BDEB6A641 /* [CP] Check Pods Manifest.lock */ = {
			isa = PBXShellScriptBuildPhase;
			buildActionMask = 2147483647;
			files = (
			);
			inputFileListPaths = (
			);
			inputPaths = (
				"${PODS_PODFILE_DIR_PATH}/Podfile.lock",
				"${PODS_ROOT}/Manifest.lock",
			);
			name = "[CP] Check Pods Manifest.lock";
			outputFileListPaths = (
			);
			outputPaths = (
				"$(DERIVED_FILE_DIR)/Pods-TimerTests-checkManifestLockResult.txt",
			);
			runOnlyForDeploymentPostprocessing = 0;
			shellPath = /bin/sh;
			shellScript = "diff \"${PODS_PODFILE_DIR_PATH}/Podfile.lock\" \"${PODS_ROOT}/Manifest.lock\" > /dev/null\nif [ $? != 0 ] ; then\n    # print error to STDERR\n    echo \"error: The sandbox is not in sync with the Podfile.lock. Run 'pod install' or update your CocoaPods installation.\" >&2\n    exit 1\nfi\n# This output is used by Xcode 'outputs' to avoid re-running this script phase.\necho \"SUCCESS\" > \"${SCRIPT_OUTPUT_FILE_0}\"\n";
			showEnvVarsInLog = 0;
		};
/* End PBXShellScriptBuildPhase section */

/* Begin PBXSourcesBuildPhase section */
		C572A2AE24FDFF66000A1687 /* Sources */ = {
			isa = PBXSourcesBuildPhase;
			buildActionMask = 2147483647;
			files = (
				C5C67C6E24FF4A80000A26B8 /* MovieCountDown.m in Sources */,
				C5C67C4D24FE3978000A26B8 /* UIButton+CountDownBtn.m in Sources */,
				C572A2CB24FDFF68000A1687 /* main.m in Sources */,
				C572A2BD24FDFF66000A1687 /* ViewController.m in Sources */,
				C5AEEAF8253841C9000E1C5F /* UIView+Extras.m in Sources */,
				C556969E255BFD01005C1361 /* TimeModel.m in Sources */,
				C572A2B724FDFF66000A1687 /* AppDelegate.m in Sources */,
				C5E5C68B2509154A001E69DA /* WGradientProgressView.m in Sources */,
				C572A2BA24FDFF66000A1687 /* SceneDelegate.m in Sources */,
				C5AEEAF9253841C9000E1C5F /* UIView+Animation.m in Sources */,
				C572A30924FE1D53000A1687 /* Nanosecond_TimerManager.m in Sources */,
				C56202D62553F8EB00FE435F /* UILabel+RichText.m in Sources */,
				C572A2C324FDFF66000A1687 /* Timer.xcdatamodeld in Sources */,
				C572A30224FE1D14000A1687 /* GCD_TimerManager.m in Sources */,
				C5C67C6824FE5059000A26B8 /* UIView+Measure.m in Sources */,
				C556969D255BFD01005C1361 /* NSString+Extras.m in Sources */,
				C556969F255BFD01005C1361 /* NSString+Time.m in Sources */,
				C572A30C24FE1D5D000A1687 /* CADisplayLink_TimerManager.m in Sources */,
				C5E5C68A2509154A001E69DA /* WGradientProgress.m in Sources */,
				C572A2FF24FE1CFD000A1687 /* NSTimerManager.m in Sources */,
			);
			runOnlyForDeploymentPostprocessing = 0;
		};
		C572A2CC24FDFF69000A1687 /* Sources */ = {
			isa = PBXSourcesBuildPhase;
			buildActionMask = 2147483647;
			files = (
				C572A2D524FDFF69000A1687 /* TimerTests.m in Sources */,
			);
			runOnlyForDeploymentPostprocessing = 0;
		};
		C572A2D724FDFF69000A1687 /* Sources */ = {
			isa = PBXSourcesBuildPhase;
			buildActionMask = 2147483647;
			files = (
				C572A2E024FDFF69000A1687 /* TimerUITests.m in Sources */,
			);
			runOnlyForDeploymentPostprocessing = 0;
		};
/* End PBXSourcesBuildPhase section */

/* Begin PBXTargetDependency section */
		C572A2D224FDFF69000A1687 /* PBXTargetDependency */ = {
			isa = PBXTargetDependency;
			target = C572A2B124FDFF66000A1687 /* Timer */;
			targetProxy = C572A2D124FDFF69000A1687 /* PBXContainerItemProxy */;
		};
		C572A2DD24FDFF69000A1687 /* PBXTargetDependency */ = {
			isa = PBXTargetDependency;
			target = C572A2B124FDFF66000A1687 /* Timer */;
			targetProxy = C572A2DC24FDFF69000A1687 /* PBXContainerItemProxy */;
		};
/* End PBXTargetDependency section */

/* Begin PBXVariantGroup section */
		C572A2BE24FDFF66000A1687 /* Main.storyboard */ = {
			isa = PBXVariantGroup;
			children = (
				C572A2BF24FDFF66000A1687 /* Base */,
			);
			name = Main.storyboard;
			sourceTree = "<group>";
		};
		C572A2C624FDFF68000A1687 /* LaunchScreen.storyboard */ = {
			isa = PBXVariantGroup;
			children = (
				C572A2C724FDFF68000A1687 /* Base */,
			);
			name = LaunchScreen.storyboard;
			sourceTree = "<group>";
		};
/* End PBXVariantGroup section */

/* Begin XCBuildConfiguration section */
		C572A2E224FDFF69000A1687 /* Debug */ = {
			isa = XCBuildConfiguration;
			buildSettings = {
				ALWAYS_SEARCH_USER_PATHS = NO;
				CLANG_ANALYZER_NONNULL = YES;
				CLANG_ANALYZER_NUMBER_OBJECT_CONVERSION = YES_AGGRESSIVE;
				CLANG_CXX_LANGUAGE_STANDARD = "gnu++14";
				CLANG_CXX_LIBRARY = "libc++";
				CLANG_ENABLE_MODULES = YES;
				CLANG_ENABLE_OBJC_ARC = YES;
				CLANG_ENABLE_OBJC_WEAK = YES;
				CLANG_WARN_BLOCK_CAPTURE_AUTORELEASING = YES;
				CLANG_WARN_BOOL_CONVERSION = YES;
				CLANG_WARN_COMMA = YES;
				CLANG_WARN_CONSTANT_CONVERSION = YES;
				CLANG_WARN_DEPRECATED_OBJC_IMPLEMENTATIONS = YES;
				CLANG_WARN_DIRECT_OBJC_ISA_USAGE = YES_ERROR;
				CLANG_WARN_DOCUMENTATION_COMMENTS = YES;
				CLANG_WARN_EMPTY_BODY = YES;
				CLANG_WARN_ENUM_CONVERSION = YES;
				CLANG_WARN_INFINITE_RECURSION = YES;
				CLANG_WARN_INT_CONVERSION = YES;
				CLANG_WARN_NON_LITERAL_NULL_CONVERSION = YES;
				CLANG_WARN_OBJC_IMPLICIT_RETAIN_SELF = YES;
				CLANG_WARN_OBJC_LITERAL_CONVERSION = YES;
				CLANG_WARN_OBJC_ROOT_CLASS = YES_ERROR;
				CLANG_WARN_RANGE_LOOP_ANALYSIS = YES;
				CLANG_WARN_STRICT_PROTOTYPES = YES;
				CLANG_WARN_SUSPICIOUS_MOVE = YES;
				CLANG_WARN_UNGUARDED_AVAILABILITY = YES_AGGRESSIVE;
				CLANG_WARN_UNREACHABLE_CODE = YES;
				CLANG_WARN__DUPLICATE_METHOD_MATCH = YES;
				COPY_PHASE_STRIP = NO;
				DEBUG_INFORMATION_FORMAT = dwarf;
				ENABLE_STRICT_OBJC_MSGSEND = YES;
				ENABLE_TESTABILITY = YES;
				GCC_C_LANGUAGE_STANDARD = gnu11;
				GCC_DYNAMIC_NO_PIC = NO;
				GCC_NO_COMMON_BLOCKS = YES;
				GCC_OPTIMIZATION_LEVEL = 0;
				GCC_PREPROCESSOR_DEFINITIONS = (
					"DEBUG=1",
					"$(inherited)",
				);
				GCC_WARN_64_TO_32_BIT_CONVERSION = YES;
				GCC_WARN_ABOUT_RETURN_TYPE = YES_ERROR;
				GCC_WARN_UNDECLARED_SELECTOR = YES;
				GCC_WARN_UNINITIALIZED_AUTOS = YES_AGGRESSIVE;
				GCC_WARN_UNUSED_FUNCTION = YES;
				GCC_WARN_UNUSED_VARIABLE = YES;
				IPHONEOS_DEPLOYMENT_TARGET = 13.6;
				MTL_ENABLE_DEBUG_INFO = INCLUDE_SOURCE;
				MTL_FAST_MATH = YES;
				ONLY_ACTIVE_ARCH = YES;
				SDKROOT = iphoneos;
			};
			name = Debug;
		};
		C572A2E324FDFF69000A1687 /* Release */ = {
			isa = XCBuildConfiguration;
			buildSettings = {
				ALWAYS_SEARCH_USER_PATHS = NO;
				CLANG_ANALYZER_NONNULL = YES;
				CLANG_ANALYZER_NUMBER_OBJECT_CONVERSION = YES_AGGRESSIVE;
				CLANG_CXX_LANGUAGE_STANDARD = "gnu++14";
				CLANG_CXX_LIBRARY = "libc++";
				CLANG_ENABLE_MODULES = YES;
				CLANG_ENABLE_OBJC_ARC = YES;
				CLANG_ENABLE_OBJC_WEAK = YES;
				CLANG_WARN_BLOCK_CAPTURE_AUTORELEASING = YES;
				CLANG_WARN_BOOL_CONVERSION = YES;
				CLANG_WARN_COMMA = YES;
				CLANG_WARN_CONSTANT_CONVERSION = YES;
				CLANG_WARN_DEPRECATED_OBJC_IMPLEMENTATIONS = YES;
				CLANG_WARN_DIRECT_OBJC_ISA_USAGE = YES_ERROR;
				CLANG_WARN_DOCUMENTATION_COMMENTS = YES;
				CLANG_WARN_EMPTY_BODY = YES;
				CLANG_WARN_ENUM_CONVERSION = YES;
				CLANG_WARN_INFINITE_RECURSION = YES;
				CLANG_WARN_INT_CONVERSION = YES;
				CLANG_WARN_NON_LITERAL_NULL_CONVERSION = YES;
				CLANG_WARN_OBJC_IMPLICIT_RETAIN_SELF = YES;
				CLANG_WARN_OBJC_LITERAL_CONVERSION = YES;
				CLANG_WARN_OBJC_ROOT_CLASS = YES_ERROR;
				CLANG_WARN_RANGE_LOOP_ANALYSIS = YES;
				CLANG_WARN_STRICT_PROTOTYPES = YES;
				CLANG_WARN_SUSPICIOUS_MOVE = YES;
				CLANG_WARN_UNGUARDED_AVAILABILITY = YES_AGGRESSIVE;
				CLANG_WARN_UNREACHABLE_CODE = YES;
				CLANG_WARN__DUPLICATE_METHOD_MATCH = YES;
				COPY_PHASE_STRIP = NO;
				DEBUG_INFORMATION_FORMAT = "dwarf-with-dsym";
				ENABLE_NS_ASSERTIONS = NO;
				ENABLE_STRICT_OBJC_MSGSEND = YES;
				GCC_C_LANGUAGE_STANDARD = gnu11;
				GCC_NO_COMMON_BLOCKS = YES;
				GCC_WARN_64_TO_32_BIT_CONVERSION = YES;
				GCC_WARN_ABOUT_RETURN_TYPE = YES_ERROR;
				GCC_WARN_UNDECLARED_SELECTOR = YES;
				GCC_WARN_UNINITIALIZED_AUTOS = YES_AGGRESSIVE;
				GCC_WARN_UNUSED_FUNCTION = YES;
				GCC_WARN_UNUSED_VARIABLE = YES;
				IPHONEOS_DEPLOYMENT_TARGET = 13.6;
				MTL_ENABLE_DEBUG_INFO = NO;
				MTL_FAST_MATH = YES;
				SDKROOT = iphoneos;
				VALIDATE_PRODUCT = YES;
			};
			name = Release;
		};
		C572A2E524FDFF69000A1687 /* Debug */ = {
			isa = XCBuildConfiguration;
			baseConfigurationReference = F49195595CCF84A3C202E583 /* Pods-Timer.debug.xcconfig */;
			buildSettings = {
				ASSETCATALOG_COMPILER_APPICON_NAME = AppIcon;
				CODE_SIGN_STYLE = Automatic;
				GCC_PREFIX_HEADER = "$(PROJECT_DIR)/$(PROJECT_NAME)/🌹Macro/PrefixHeader.pch";
				INFOPLIST_FILE = Timer/Info.plist;
				LD_RUNPATH_SEARCH_PATHS = (
					"$(inherited)",
					"@executable_path/Frameworks",
				);
				PRODUCT_BUNDLE_IDENTIFIER = MonkeyKingVideo.Timer;
				PRODUCT_NAME = "$(TARGET_NAME)";
				TARGETED_DEVICE_FAMILY = "1,2";
			};
			name = Debug;
		};
		C572A2E624FDFF69000A1687 /* Release */ = {
			isa = XCBuildConfiguration;
			baseConfigurationReference = 0620BE652557EF53F1FCCF01 /* Pods-Timer.release.xcconfig */;
			buildSettings = {
				ASSETCATALOG_COMPILER_APPICON_NAME = AppIcon;
				CODE_SIGN_STYLE = Automatic;
				GCC_PREFIX_HEADER = "$(PROJECT_DIR)/$(PROJECT_NAME)/🌹Macro/PrefixHeader.pch";
				INFOPLIST_FILE = Timer/Info.plist;
				LD_RUNPATH_SEARCH_PATHS = (
					"$(inherited)",
					"@executable_path/Frameworks",
				);
				PRODUCT_BUNDLE_IDENTIFIER = MonkeyKingVideo.Timer;
				PRODUCT_NAME = "$(TARGET_NAME)";
				TARGETED_DEVICE_FAMILY = "1,2";
			};
			name = Release;
		};
		C572A2E824FDFF69000A1687 /* Debug */ = {
			isa = XCBuildConfiguration;
			baseConfigurationReference = 9325B00396AF782214E87AC8 /* Pods-TimerTests.debug.xcconfig */;
			buildSettings = {
				BUNDLE_LOADER = "$(TEST_HOST)";
				CODE_SIGN_STYLE = Automatic;
				INFOPLIST_FILE = TimerTests/Info.plist;
				IPHONEOS_DEPLOYMENT_TARGET = 13.6;
				LD_RUNPATH_SEARCH_PATHS = (
					"$(inherited)",
					"@executable_path/Frameworks",
					"@loader_path/Frameworks",
				);
				PRODUCT_BUNDLE_IDENTIFIER = MonkeyKingVideo.TimerTests;
				PRODUCT_NAME = "$(TARGET_NAME)";
				TARGETED_DEVICE_FAMILY = "1,2";
				TEST_HOST = "$(BUILT_PRODUCTS_DIR)/Timer.app/Timer";
			};
			name = Debug;
		};
		C572A2E924FDFF69000A1687 /* Release */ = {
			isa = XCBuildConfiguration;
			baseConfigurationReference = D7E9E56A550482EC07A7ACD6 /* Pods-TimerTests.release.xcconfig */;
			buildSettings = {
				BUNDLE_LOADER = "$(TEST_HOST)";
				CODE_SIGN_STYLE = Automatic;
				INFOPLIST_FILE = TimerTests/Info.plist;
				IPHONEOS_DEPLOYMENT_TARGET = 13.6;
				LD_RUNPATH_SEARCH_PATHS = (
					"$(inherited)",
					"@executable_path/Frameworks",
					"@loader_path/Frameworks",
				);
				PRODUCT_BUNDLE_IDENTIFIER = MonkeyKingVideo.TimerTests;
				PRODUCT_NAME = "$(TARGET_NAME)";
				TARGETED_DEVICE_FAMILY = "1,2";
				TEST_HOST = "$(BUILT_PRODUCTS_DIR)/Timer.app/Timer";
			};
			name = Release;
		};
		C572A2EB24FDFF69000A1687 /* Debug */ = {
			isa = XCBuildConfiguration;
			baseConfigurationReference = ABB0F4CC67C7FE43D2A2180C /* Pods-TimerUITests.debug.xcconfig */;
			buildSettings = {
				CODE_SIGN_STYLE = Automatic;
				INFOPLIST_FILE = TimerUITests/Info.plist;
				LD_RUNPATH_SEARCH_PATHS = (
					"$(inherited)",
					"@executable_path/Frameworks",
					"@loader_path/Frameworks",
				);
				PRODUCT_BUNDLE_IDENTIFIER = MonkeyKingVideo.TimerUITests;
				PRODUCT_NAME = "$(TARGET_NAME)";
				TARGETED_DEVICE_FAMILY = "1,2";
				TEST_TARGET_NAME = Timer;
			};
			name = Debug;
		};
		C572A2EC24FDFF69000A1687 /* Release */ = {
			isa = XCBuildConfiguration;
			baseConfigurationReference = DABD4B5D560B723ED7EA3A76 /* Pods-TimerUITests.release.xcconfig */;
			buildSettings = {
				CODE_SIGN_STYLE = Automatic;
				INFOPLIST_FILE = TimerUITests/Info.plist;
				LD_RUNPATH_SEARCH_PATHS = (
					"$(inherited)",
					"@executable_path/Frameworks",
					"@loader_path/Frameworks",
				);
				PRODUCT_BUNDLE_IDENTIFIER = MonkeyKingVideo.TimerUITests;
				PRODUCT_NAME = "$(TARGET_NAME)";
				TARGETED_DEVICE_FAMILY = "1,2";
				TEST_TARGET_NAME = Timer;
			};
			name = Release;
		};
/* End XCBuildConfiguration section */

/* Begin XCConfigurationList section */
		C572A2AD24FDFF66000A1687 /* Build configuration list for PBXProject "Timer" */ = {
			isa = XCConfigurationList;
			buildConfigurations = (
				C572A2E224FDFF69000A1687 /* Debug */,
				C572A2E324FDFF69000A1687 /* Release */,
			);
			defaultConfigurationIsVisible = 0;
			defaultConfigurationName = Release;
		};
		C572A2E424FDFF69000A1687 /* Build configuration list for PBXNativeTarget "Timer" */ = {
			isa = XCConfigurationList;
			buildConfigurations = (
				C572A2E524FDFF69000A1687 /* Debug */,
				C572A2E624FDFF69000A1687 /* Release */,
			);
			defaultConfigurationIsVisible = 0;
			defaultConfigurationName = Release;
		};
		C572A2E724FDFF69000A1687 /* Build configuration list for PBXNativeTarget "TimerTests" */ = {
			isa = XCConfigurationList;
			buildConfigurations = (
				C572A2E824FDFF69000A1687 /* Debug */,
				C572A2E924FDFF69000A1687 /* Release */,
			);
			defaultConfigurationIsVisible = 0;
			defaultConfigurationName = Release;
		};
		C572A2EA24FDFF69000A1687 /* Build configuration list for PBXNativeTarget "TimerUITests" */ = {
			isa = XCConfigurationList;
			buildConfigurations = (
				C572A2EB24FDFF69000A1687 /* Debug */,
				C572A2EC24FDFF69000A1687 /* Release */,
			);
			defaultConfigurationIsVisible = 0;
			defaultConfigurationName = Release;
		};
/* End XCConfigurationList section */

/* Begin XCVersionGroup section */
		C572A2C124FDFF66000A1687 /* Timer.xcdatamodeld */ = {
			isa = XCVersionGroup;
			children = (
				C572A2C224FDFF66000A1687 /* Timer.xcdatamodel */,
			);
			currentVersion = C572A2C224FDFF66000A1687 /* Timer.xcdatamodel */;
			path = Timer.xcdatamodeld;
			sourceTree = "<group>";
			versionGroupType = wrapper.xcdatamodel;
		};
/* End XCVersionGroup section */
	};
	rootObject = C572A2AA24FDFF66000A1687 /* Project object */;
}
