PODS:
  - FLAnimatedImage (1.0.15)
  - "FLAnimatedImageView+RGWrapper (1.0.0)":
    - FLAnimatedImage
  - GKPhotoBrowser (2.1.7):
    - GKPhotoBrowser/SD (= 2.1.7)
  - GKPhotoBrowser/Core (2.1.7)
  - GKPhotoBrowser/SD (2.1.7):
    - GKPhotoBrowser/Core
    - SDWebImage (~> 5.0)
  - JXCategoryView (1.5.8)
  - JXPagingView/Pager (2.0.13)
  - Masonry (1.1.0)
  - MJExtension (3.2.4)
  - MJRefresh (3.5.0)
  - ReactiveObjC (3.1.1)
  - SDWebImage (5.10.4):
    - SDWebImage/Core (= 5.10.4)
  - SDWebImage/Core (5.10.4)
  - TABAnimated (2.5.2)
  - WHToast (0.0.7)
  - YYImage (1.0.4):
    - YYImage/Core (= 1.0.4)
  - YYImage/Core (1.0.4)

DEPENDENCIES:
  - "FLAnimatedImageView+RGWrapper"
  - GKPhotoBrowser
  - JXCategoryView
  - JXPagingView/Pager
  - Masonry
  - MJExtension
  - MJRefresh
  - ReactiveObjC
  - SDWebImage
  - TABAnimated
  - WHToast
  - YYImage

SPEC REPOS:
  https://github.com/CocoaPods/Specs.git:
    - FLAnimatedImage
    - "FLAnimatedImageView+RGWrapper"
    - GKPhotoBrowser
    - JXCategoryView
    - JXPagingView
    - Masonry
    - MJExtension
    - MJRefresh
    - ReactiveObjC
    - SDWebImage
    - TABAnimated
    - WHToast
    - YYImage

SPEC CHECKSUMS:
  FLAnimatedImage: dd3db277b17e909ec3c7fd41adfce79b321d960e
  "FLAnimatedImageView+RGWrapper": 01f3dc52abf32abf2cd854b442864d679a41465c
  GKPhotoBrowser: c03c9db2f586d8982782a89244cd9f5a4453030c
  JXCategoryView: 778a620f76070d6598fd8d7239991b8da8326170
  JXPagingView: 821ed274f09eaf2843a96c3a74e9d138e27d9730
  Masonry: 678fab65091a9290e40e2832a55e7ab731aad201
  MJExtension: 88e0900751b6cac8de1cf724ca9838a0b28d5acb
  MJRefresh: 6afc955813966afb08305477dd7a0d9ad5e79a16
  ReactiveObjC: 011caa393aa0383245f2dcf9bf02e86b80b36040
  SDWebImage: c666b97e1fa9c64b4909816a903322018f0a9c84
  TABAnimated: 3b7052d52db11e7b28cbea34777445356837a718
  WHToast: 11a17a3f09f5f733e32bd6f3338919a448cbb719
  YYImage: 1e1b62a9997399593e4b9c4ecfbbabbf1d3f3b54

PODFILE CHECKSUM: e0396404898b1513e5d2b620374332b9cf0e945a

COCOAPODS: 1.10.1
